
Microsoft Visual Studio Solution File, Format Version 12.00
# Visual Studio 15
VisualStudioVersion = 15.0.27703.2000
MinimumVisualStudioVersion = 10.0.40219.1
Project("{FAE04EC0-301F-11D3-BF4B-00C04F79EFBC}") = "NFL Scraper", "NFL Scraper\NFL Scraper.csproj", "{D47A9759-F8FE-4AA9-8703-3AA25E9F4334}"
EndProject
Global
	GlobalSection(SolutionConfigurationPlatforms) = preSolution
		Debug|Any CPU = Debug|Any CPU
		Release|Any CPU = Release|Any CPU
	EndGlobalSection
	GlobalSection(ProjectConfigurationPlatforms) = postSolution
		{D47A9759-F8FE-4AA9-8703-3AA25E9F4334}.Debug|Any CPU.ActiveCfg = Debug|Any CPU
		{D47A9759-F8FE-4AA9-8703-3AA25E9F4334}.Debug|Any CPU.Build.0 = Debug|Any CPU
		{D47A9759-F8FE-4AA9-8703-3AA25E9F4334}.Release|Any CPU.ActiveCfg = Release|Any CPU
		{D47A9759-F8FE-4AA9-8703-3AA25E9F4334}.Release|Any CPU.Build.0 = Release|Any CPU
	EndGlobalSection
	GlobalSection(SolutionProperties) = preSolution
		HideSolutionNode = FALSE
	EndGlobalSection
	GlobalSection(ExtensibilityGlobals) = postSolution
		SolutionGuid = {E6A1D9A1-E743-4A50-946A-1427A3785E8E}
	EndGlobalSection
EndGlobal
